
Microsoft Visual Studio Solution File, Format Version 12.00
# Visual Studio Version 17
VisualStudioVersion = 17.6.33723.286
MinimumVisualStudioVersion = 10.0.40219.1
Project("{9A19103F-16F7-4668-BE54-9A1E7A4F7556}") = "PetShop", "PetShop.csproj", "{EF9C5697-20FD-44AB-8D90-905505E0E7F2}"
EndProject
Project("{FAE04EC0-301F-11D3-BF4B-00C04F79EFBC}") = "Util", "..\Util\Util.csproj", "{138724FA-5C19-48FF-B305-FD9B19FEE2DD}"
EndProject
Project("{FAE04EC0-301F-11D3-BF4B-00C04F79EFBC}") = "ConverterGuidShortGuid", "..\ConverterGuidShortGuid\ConverterGuidShortGuid.csproj", "{CC6972B9-D46A-4C8D-8E9C-17559F35A7C8}"
EndProject
Global
	GlobalSection(SolutionConfigurationPlatforms) = preSolution
		Debug|Any CPU = Debug|Any CPU
		Release|Any CPU = Release|Any CPU
	EndGlobalSection
	GlobalSection(ProjectConfigurationPlatforms) = postSolution
		{EF9C5697-20FD-44AB-8D90-905505E0E7F2}.Debug|Any CPU.ActiveCfg = Debug|Any CPU
		{EF9C5697-20FD-44AB-8D90-905505E0E7F2}.Debug|Any CPU.Build.0 = Debug|Any CPU
		{EF9C5697-20FD-44AB-8D90-905505E0E7F2}.Release|Any CPU.ActiveCfg = Release|Any CPU
		{EF9C5697-20FD-44AB-8D90-905505E0E7F2}.Release|Any CPU.Build.0 = Release|Any CPU
		{138724FA-5C19-48FF-B305-FD9B19FEE2DD}.Debug|Any CPU.ActiveCfg = Debug|Any CPU
		{138724FA-5C19-48FF-B305-FD9B19FEE2DD}.Debug|Any CPU.Build.0 = Debug|Any CPU
		{138724FA-5C19-48FF-B305-FD9B19FEE2DD}.Release|Any CPU.ActiveCfg = Release|Any CPU
		{138724FA-5C19-48FF-B305-FD9B19FEE2DD}.Release|Any CPU.Build.0 = Release|Any CPU
		{CC6972B9-D46A-4C8D-8E9C-17559F35A7C8}.Debug|Any CPU.ActiveCfg = Debug|Any CPU
		{CC6972B9-D46A-4C8D-8E9C-17559F35A7C8}.Debug|Any CPU.Build.0 = Debug|Any CPU
		{CC6972B9-D46A-4C8D-8E9C-17559F35A7C8}.Release|Any CPU.ActiveCfg = Release|Any CPU
		{CC6972B9-D46A-4C8D-8E9C-17559F35A7C8}.Release|Any CPU.Build.0 = Release|Any CPU
	EndGlobalSection
	GlobalSection(SolutionProperties) = preSolution
		HideSolutionNode = FALSE
	EndGlobalSection
	GlobalSection(ExtensibilityGlobals) = postSolution
		SolutionGuid = {E3474664-16CF-45BF-A551-4F43FCC3EFC3}
	EndGlobalSection
EndGlobal
